// !$*UTF8*$!
{
	archiveVersion = 1;
	classes = {
	};
	objectVersion = 54;
	objects = {

/* Begin PBXBuildFile section */
		163998FF037952A136BAC8B6 /* VerifiedBadge.swift in Sources */ = {isa = PBXBuildFile; fileRef = E98586D2F82F78E8AC5C3034 /* VerifiedBadge.swift */; };
		166CBDF7F5E6B582F74EB230 /* InsightsNavigation.swift in Sources */ = {isa = PBXBuildFile; fileRef = 8A6EC3F27F2B1F4A774BF773 /* InsightsNavigation.swift */; };
		202F9045CCFF0A1AC00F68AC /* HubsNavigation.swift in Sources */ = {isa = PBXBuildFile; fileRef = 76A3AFEBBA05E3AFB2F407DB /* HubsNavigation.swift */; };
		2767FAD6994EAA8A9CC62362 /* LearnNavigation.swift in Sources */ = {isa = PBXBuildFile; fileRef = 42BED777A2B6E1402277AE6A /* LearnNavigation.swift */; };
		31ABE915175F2598D1A3B964 /* TierCardView.swift in Sources */ = {isa = PBXBuildFile; fileRef = C9AAC386A452D8AFCE411DFB /* TierCardView.swift */; };
		A1B2C3D4E5F60718293A4B5C /* Subscription.swift in Sources */ = {isa = PBXBuildFile; fileRef = D1E2F3A4B5C6D7E8F9A0B1C2 /* Subscription.swift */; };
		B2C3D4E5F6071829A3B4C5D6 /* SubscriptionStore.swift in Sources */ = {isa = PBXBuildFile; fileRef = E2F3A4B5C6D7E8F90A1B2C3D /* SubscriptionStore.swift */; };
		C3D4E5F6A7B8C9D0E1F2A3B4 /* PaymentViewModel.swift in Sources */ = {isa = PBXBuildFile; fileRef = F3A4B5C6D7E8F9A0B1C2D3E4 /* PaymentViewModel.swift */; };
		D4E5F6A7B8C9D0E1F2A3B4C5 /* MockPaymentSheetView.swift in Sources */ = {isa = PBXBuildFile; fileRef = A4B5C6D7E8F9A0B1C2D3E4F5 /* MockPaymentSheetView.swift */; };
		E5F6A7B8C9D0E1F2A3B4C5D6 /* ConfettiCelebrationView.swift in Sources */ = {isa = PBXBuildFile; fileRef = B5C6D7E8F9A0B1C2D3E4F5A6 /* ConfettiCelebrationView.swift */; };
		F6A7B8C9D0E1F2A3B4C5D6E7 /* CancelRetentionSheet.swift in Sources */ = {isa = PBXBuildFile; fileRef = A7B8C9D0E1F2A3B4C5D6E7F8 /* CancelRetentionSheet.swift */; };
		A8B9C0D1E2F3A4B5C6D7E8F9 /* MySubscriptionsView.swift in Sources */ = {isa = PBXBuildFile; fileRef = B9C0D1E2F3A4B5C6D7E8F9A0 /* MySubscriptionsView.swift */; };
		38C01D70E6B5EFADBBE3056F /* Inter-Regular.otf in Resources */ = {isa = PBXBuildFile; fileRef = 350B18EB99061DB47CA15FCA /* Inter-Regular.otf */; };
		4AA052092BD1ED2714C91C27 /* BlossomTabBar.swift in Sources */ = {isa = PBXBuildFile; fileRef = 4E39BEC2A28416B3F010FAED /* BlossomTabBar.swift */; };
		5340F1DE3E32B29E43A23BCB /* BlossomHubsApp.swift in Sources */ = {isa = PBXBuildFile; fileRef = F3851C07E8A9CBFAEEB8B555 /* BlossomHubsApp.swift */; };
		554ADCDEC9ECCB29D3799145 /* HubsSplashView.swift in Sources */ = {isa = PBXBuildFile; fileRef = 5A2156F81D8D0B976860392A /* HubsSplashView.swift */; };
		55675CA8022C91092C9AA81C /* HubsDiscoveryView.swift in Sources */ = {isa = PBXBuildFile; fileRef = D9B19952DAF999AF87C36000 /* HubsDiscoveryView.swift */; };
		5F56B861CF0ED32AEB814909 /* Inter-Medium.otf in Resources */ = {isa = PBXBuildFile; fileRef = D76966A902C2E8B189CF7695 /* Inter-Medium.otf */; };
		685592D39F6028B822A92980 /* LockedContentOverlay.swift in Sources */ = {isa = PBXBuildFile; fileRef = 322EFE0E0060815629A31849 /* LockedContentOverlay.swift */; };
		6A17CD82F00B66DC1F058BF0 /* BlossomButton.swift in Sources */ = {isa = PBXBuildFile; fileRef = A56E526F6FD0F314CE7CCC3F /* BlossomButton.swift */; };
		6C44D6FC0BFE4D0932020D53 /* BlossomTheme.swift in Sources */ = {isa = PBXBuildFile; fileRef = 503A16D311E9E96EDCCE313F /* BlossomTheme.swift */; };
		771E30086BE612562D01269D /* Assets.xcassets in Resources */ = {isa = PBXBuildFile; fileRef = 51B5E23D24897AEAAFDEE4E1 /* Assets.xcassets */; };
		86F3DBA0F13E5F5985A62712 /* CommunityPreviewViewModel.swift in Sources */ = {isa = PBXBuildFile; fileRef = BC9EE4E93FD20305DAE4C424 /* CommunityPreviewViewModel.swift */; };
		891D3652AD087DEF57310006 /* MarketsNavigation.swift in Sources */ = {isa = PBXBuildFile; fileRef = 1354B469AC8815E6F6E12B09 /* MarketsNavigation.swift */; };
		8A201F350CFAFDBAEBF5DFCA /* ContentView.swift in Sources */ = {isa = PBXBuildFile; fileRef = 3C47A0DA3F6F3A877423872E /* ContentView.swift */; };
		8E108D05782098FC13B444D4 /* BlossomCard.swift in Sources */ = {isa = PBXBuildFile; fileRef = C264E03E234F388C74367472 /* BlossomCard.swift */; };
		998B7DC4468901BD6DE78260 /* CommunityHeroCardView.swift in Sources */ = {isa = PBXBuildFile; fileRef = 6A1784856369ADC032F61CA1 /* CommunityHeroCardView.swift */; };
		9D252AC79C26D8D1A1B4F899 /* HubsView.swift in Sources */ = {isa = PBXBuildFile; fileRef = 1AB3D46D21C47ACC5C42714C /* HubsView.swift */; };
		A1F14A95FF6DAE8A51EDDE61 /* ComponentsKit in Frameworks */ = {isa = PBXBuildFile; productRef = 16DFD9B1AD952AA1ECEDB888 /* ComponentsKit */; };
		A2C4F8B1D3E56781AB234567 /* Community.swift in Sources */ = {isa = PBXBuildFile; fileRef = B1C2D3E4F5A6B7C8D9E0F1A2 /* Community.swift */; };
		AA14FC682B6C0E0003D36B10 /* HubsDiscoveryViewModel.swift in Sources */ = {isa = PBXBuildFile; fileRef = C8B78606FFF17AD77C0D22B4 /* HubsDiscoveryViewModel.swift */; };
		B3C4D5E6F7A8B9C0D1E2F3A4 /* CommunityStore.swift in Sources */ = {isa = PBXBuildFile; fileRef = C4D5E6F7A8B9C0D1E2F3A4B5 /* CommunityStore.swift */; };
		B96E0E6F774CB89D0145D3D3 /* Foundation.framework in Frameworks */ = {isa = PBXBuildFile; fileRef = 6CF207F658E44D9FBB0772C8 /* Foundation.framework */; };
		BBF9D065872A061C5D33B654 /* BlossomFont.swift in Sources */ = {isa = PBXBuildFile; fileRef = D96F1BDC6EB7A7E87CE223A3 /* BlossomFont.swift */; };
		C6A174E7B29D409F30D85A8A /* SectionHeader.swift in Sources */ = {isa = PBXBuildFile; fileRef = 53B34A131E3D410921B69BFC /* SectionHeader.swift */; };
		C866ECF1B02CD664945578C0 /* EmptyStateView.swift in Sources */ = {isa = PBXBuildFile; fileRef = D792B01C0B7F56ECEC95FB55 /* EmptyStateView.swift */; };
		C8A9B06F3D538B9E0BF33102 /* PlaceholderTabView.swift in Sources */ = {isa = PBXBuildFile; fileRef = EBB1D901D3BDAA3AA5F50109 /* PlaceholderTabView.swift */; };
		C9A9C81E3DE742B608162789 /* TabItem.swift in Sources */ = {isa = PBXBuildFile; fileRef = 604B8200FCCAB049F5D29CE2 /* TabItem.swift */; };
		CE14C931417676B9F746DFE5 /* Inter-SemiBold.otf in Resources */ = {isa = PBXBuildFile; fileRef = 84803389C72F21C0BAE061DF /* Inter-SemiBold.otf */; };
		D2D9D037D7F2E41C0A0C1A6B /* AvatarView.swift in Sources */ = {isa = PBXBuildFile; fileRef = 5AA2DC0FD00A07D64A6CF0A6 /* AvatarView.swift */; };
		D2E3EB164B2D8F2FE1B09F84 /* TagView.swift in Sources */ = {isa = PBXBuildFile; fileRef = 9A9313992C0158EB21D3BDCD /* TagView.swift */; };
		D32BF9CC13033EBE65C96E2F /* SearchDropdownView.swift in Sources */ = {isa = PBXBuildFile; fileRef = 8C7EF3D5C6324D1C2E4D6B92 /* SearchDropdownView.swift */; };
		D7EF01A37A49E6E0A1CFEAAD /* HubsTopNavBar.swift in Sources */ = {isa = PBXBuildFile; fileRef = 778F05C1E3A3CDE77CF07ECA /* HubsTopNavBar.swift */; };
		DEC5FF90FBCD54F282EF591B /* CommunityCardView.swift in Sources */ = {isa = PBXBuildFile; fileRef = 5B3B0B0E5BE45529E47DE703 /* CommunityCardView.swift */; };
		E6C67D20BAFC940471149D66 /* CommunityPreviewView.swift in Sources */ = {isa = PBXBuildFile; fileRef = 3B9C13A3CB355D6DD680099E /* CommunityPreviewView.swift */; };
		EFF91A3C034AA3CA8C3CA458 /* TiersBottomSheet.swift in Sources */ = {isa = PBXBuildFile; fileRef = 2B22A0C3C545D53BC2DB63E5 /* TiersBottomSheet.swift */; };
		F40D87608C86380C32936957 /* PortfolioNavigation.swift in Sources */ = {isa = PBXBuildFile; fileRef = 106C80A552AF4C954E66D31D /* PortfolioNavigation.swift */; };
		FF7B80191D4F65B697C2C7DF /* HomeNavigation.swift in Sources */ = {isa = PBXBuildFile; fileRef = A4ADB61C542FF0E9E8C46FDB /* HomeNavigation.swift */; };
/* End PBXBuildFile section */

/* Begin PBXFileReference section */
		106C80A552AF4C954E66D31D /* PortfolioNavigation.swift */ = {isa = PBXFileReference; includeInIndex = 1; lastKnownFileType = sourcecode.swift; path = PortfolioNavigation.swift; sourceTree = "<group>"; };
		1354B469AC8815E6F6E12B09 /* MarketsNavigation.swift */ = {isa = PBXFileReference; includeInIndex = 1; lastKnownFileType = sourcecode.swift; path = MarketsNavigation.swift; sourceTree = "<group>"; };
		1AB3D46D21C47ACC5C42714C /* HubsView.swift */ = {isa = PBXFileReference; includeInIndex = 1; lastKnownFileType = sourcecode.swift; path = HubsView.swift; sourceTree = "<group>"; };
		2B22A0C3C545D53BC2DB63E5 /* TiersBottomSheet.swift */ = {isa = PBXFileReference; includeInIndex = 1; lastKnownFileType = sourcecode.swift; path = TiersBottomSheet.swift; sourceTree = "<group>"; };
		322EFE0E0060815629A31849 /* LockedContentOverlay.swift */ = {isa = PBXFileReference; includeInIndex = 1; lastKnownFileType = sourcecode.swift; path = LockedContentOverlay.swift; sourceTree = "<group>"; };
		350B18EB99061DB47CA15FCA /* Inter-Regular.otf */ = {isa = PBXFileReference; includeInIndex = 1; lastKnownFileType = file; path = "Inter-Regular.otf"; sourceTree = "<group>"; };
		3B9C13A3CB355D6DD680099E /* CommunityPreviewView.swift */ = {isa = PBXFileReference; includeInIndex = 1; lastKnownFileType = sourcecode.swift; path = CommunityPreviewView.swift; sourceTree = "<group>"; };
		3C47A0DA3F6F3A877423872E /* ContentView.swift */ = {isa = PBXFileReference; includeInIndex = 1; lastKnownFileType = sourcecode.swift; path = ContentView.swift; sourceTree = "<group>"; };
		42BED777A2B6E1402277AE6A /* LearnNavigation.swift */ = {isa = PBXFileReference; includeInIndex = 1; lastKnownFileType = sourcecode.swift; path = LearnNavigation.swift; sourceTree = "<group>"; };
		4E39BEC2A28416B3F010FAED /* BlossomTabBar.swift */ = {isa = PBXFileReference; includeInIndex = 1; lastKnownFileType = sourcecode.swift; path = BlossomTabBar.swift; sourceTree = "<group>"; };
		503A16D311E9E96EDCCE313F /* BlossomTheme.swift */ = {isa = PBXFileReference; includeInIndex = 1; lastKnownFileType = sourcecode.swift; path = BlossomTheme.swift; sourceTree = "<group>"; };
		51B5E23D24897AEAAFDEE4E1 /* Assets.xcassets */ = {isa = PBXFileReference; includeInIndex = 1; lastKnownFileType = folder.assetcatalog; path = Assets.xcassets; sourceTree = "<group>"; };
		53B34A131E3D410921B69BFC /* SectionHeader.swift */ = {isa = PBXFileReference; includeInIndex = 1; lastKnownFileType = sourcecode.swift; path = SectionHeader.swift; sourceTree = "<group>"; };
		5A2156F81D8D0B976860392A /* HubsSplashView.swift */ = {isa = PBXFileReference; includeInIndex = 1; lastKnownFileType = sourcecode.swift; path = HubsSplashView.swift; sourceTree = "<group>"; };
		5AA2DC0FD00A07D64A6CF0A6 /* AvatarView.swift */ = {isa = PBXFileReference; includeInIndex = 1; lastKnownFileType = sourcecode.swift; path = AvatarView.swift; sourceTree = "<group>"; };
		5B3B0B0E5BE45529E47DE703 /* CommunityCardView.swift */ = {isa = PBXFileReference; includeInIndex = 1; lastKnownFileType = sourcecode.swift; path = CommunityCardView.swift; sourceTree = "<group>"; };
		604B8200FCCAB049F5D29CE2 /* TabItem.swift */ = {isa = PBXFileReference; includeInIndex = 1; lastKnownFileType = sourcecode.swift; path = TabItem.swift; sourceTree = "<group>"; };
		6A1784856369ADC032F61CA1 /* CommunityHeroCardView.swift */ = {isa = PBXFileReference; includeInIndex = 1; lastKnownFileType = sourcecode.swift; path = CommunityHeroCardView.swift; sourceTree = "<group>"; };
		6CF207F658E44D9FBB0772C8 /* Foundation.framework */ = {isa = PBXFileReference; lastKnownFileType = wrapper.framework; name = Foundation.framework; path = Platforms/iPhoneOS.platform/Developer/SDKs/iPhoneOS18.0.sdk/System/Library/Frameworks/Foundation.framework; sourceTree = DEVELOPER_DIR; };
		763A8DBE29784DF03D0AA1D3 /* BlossomHubs.app */ = {isa = PBXFileReference; explicitFileType = wrapper.application; includeInIndex = 0; path = BlossomHubs.app; sourceTree = BUILT_PRODUCTS_DIR; };
		76A3AFEBBA05E3AFB2F407DB /* HubsNavigation.swift */ = {isa = PBXFileReference; includeInIndex = 1; lastKnownFileType = sourcecode.swift; path = HubsNavigation.swift; sourceTree = "<group>"; };
		778F05C1E3A3CDE77CF07ECA /* HubsTopNavBar.swift */ = {isa = PBXFileReference; includeInIndex = 1; lastKnownFileType = sourcecode.swift; path = HubsTopNavBar.swift; sourceTree = "<group>"; };
		84803389C72F21C0BAE061DF /* Inter-SemiBold.otf */ = {isa = PBXFileReference; includeInIndex = 1; lastKnownFileType = file; path = "Inter-SemiBold.otf"; sourceTree = "<group>"; };
		8A6EC3F27F2B1F4A774BF773 /* InsightsNavigation.swift */ = {isa = PBXFileReference; includeInIndex = 1; lastKnownFileType = sourcecode.swift; path = InsightsNavigation.swift; sourceTree = "<group>"; };
		8C7EF3D5C6324D1C2E4D6B92 /* SearchDropdownView.swift */ = {isa = PBXFileReference; includeInIndex = 1; lastKnownFileType = sourcecode.swift; path = SearchDropdownView.swift; sourceTree = "<group>"; };
		9A9313992C0158EB21D3BDCD /* TagView.swift */ = {isa = PBXFileReference; includeInIndex = 1; lastKnownFileType = sourcecode.swift; path = TagView.swift; sourceTree = "<group>"; };
		A4ADB61C542FF0E9E8C46FDB /* HomeNavigation.swift */ = {isa = PBXFileReference; includeInIndex = 1; lastKnownFileType = sourcecode.swift; path = HomeNavigation.swift; sourceTree = "<group>"; };
		A56E526F6FD0F314CE7CCC3F /* BlossomButton.swift */ = {isa = PBXFileReference; includeInIndex = 1; lastKnownFileType = sourcecode.swift; path = BlossomButton.swift; sourceTree = "<group>"; };
		B1C2D3E4F5A6B7C8D9E0F1A2 /* Community.swift */ = {isa = PBXFileReference; includeInIndex = 1; lastKnownFileType = sourcecode.swift; path = Community.swift; sourceTree = "<group>"; };
		BC9EE4E93FD20305DAE4C424 /* CommunityPreviewViewModel.swift */ = {isa = PBXFileReference; includeInIndex = 1; lastKnownFileType = sourcecode.swift; path = CommunityPreviewViewModel.swift; sourceTree = "<group>"; };
		C264E03E234F388C74367472 /* BlossomCard.swift */ = {isa = PBXFileReference; includeInIndex = 1; lastKnownFileType = sourcecode.swift; path = BlossomCard.swift; sourceTree = "<group>"; };
		C4D5E6F7A8B9C0D1E2F3A4B5 /* CommunityStore.swift */ = {isa = PBXFileReference; includeInIndex = 1; lastKnownFileType = sourcecode.swift; path = CommunityStore.swift; sourceTree = "<group>"; };
		D1E2F3A4B5C6D7E8F9A0B1C2 /* Subscription.swift */ = {isa = PBXFileReference; includeInIndex = 1; lastKnownFileType = sourcecode.swift; path = Subscription.swift; sourceTree = "<group>"; };
		E2F3A4B5C6D7E8F90A1B2C3D /* SubscriptionStore.swift */ = {isa = PBXFileReference; includeInIndex = 1; lastKnownFileType = sourcecode.swift; path = SubscriptionStore.swift; sourceTree = "<group>"; };
		F3A4B5C6D7E8F9A0B1C2D3E4 /* PaymentViewModel.swift */ = {isa = PBXFileReference; includeInIndex = 1; lastKnownFileType = sourcecode.swift; path = PaymentViewModel.swift; sourceTree = "<group>"; };
		A4B5C6D7E8F9A0B1C2D3E4F5 /* MockPaymentSheetView.swift */ = {isa = PBXFileReference; includeInIndex = 1; lastKnownFileType = sourcecode.swift; path = MockPaymentSheetView.swift; sourceTree = "<group>"; };
		B5C6D7E8F9A0B1C2D3E4F5A6 /* ConfettiCelebrationView.swift */ = {isa = PBXFileReference; includeInIndex = 1; lastKnownFileType = sourcecode.swift; path = ConfettiCelebrationView.swift; sourceTree = "<group>"; };
		C8B78606FFF17AD77C0D22B4 /* HubsDiscoveryViewModel.swift */ = {isa = PBXFileReference; includeInIndex = 1; lastKnownFileType = sourcecode.swift; path = HubsDiscoveryViewModel.swift; sourceTree = "<group>"; };
		C9AAC386A452D8AFCE411DFB /* TierCardView.swift */ = {isa = PBXFileReference; includeInIndex = 1; lastKnownFileType = sourcecode.swift; path = TierCardView.swift; sourceTree = "<group>"; };
		D76966A902C2E8B189CF7695 /* Inter-Medium.otf */ = {isa = PBXFileReference; includeInIndex = 1; lastKnownFileType = file; path = "Inter-Medium.otf"; sourceTree = "<group>"; };
		D792B01C0B7F56ECEC95FB55 /* EmptyStateView.swift */ = {isa = PBXFileReference; includeInIndex = 1; lastKnownFileType = sourcecode.swift; path = EmptyStateView.swift; sourceTree = "<group>"; };
		D91C95A2DBA97700EAA0354E /* Info.plist */ = {isa = PBXFileReference; includeInIndex = 1; lastKnownFileType = text.plist.xml; path = Info.plist; sourceTree = "<group>"; };
		D96F1BDC6EB7A7E87CE223A3 /* BlossomFont.swift */ = {isa = PBXFileReference; includeInIndex = 1; lastKnownFileType = sourcecode.swift; path = BlossomFont.swift; sourceTree = "<group>"; };
		D9B19952DAF999AF87C36000 /* HubsDiscoveryView.swift */ = {isa = PBXFileReference; includeInIndex = 1; lastKnownFileType = sourcecode.swift; path = HubsDiscoveryView.swift; sourceTree = "<group>"; };
		E98586D2F82F78E8AC5C3034 /* VerifiedBadge.swift */ = {isa = PBXFileReference; includeInIndex = 1; lastKnownFileType = sourcecode.swift; path = VerifiedBadge.swift; sourceTree = "<group>"; };
		EBB1D901D3BDAA3AA5F50109 /* PlaceholderTabView.swift */ = {isa = PBXFileReference; includeInIndex = 1; lastKnownFileType = sourcecode.swift; path = PlaceholderTabView.swift; sourceTree = "<group>"; };
		F3851C07E8A9CBFAEEB8B555 /* BlossomHubsApp.swift */ = {isa = PBXFileReference; includeInIndex = 1; lastKnownFileType = sourcecode.swift; path = BlossomHubsApp.swift; sourceTree = "<group>"; };
		A7B8C9D0E1F2A3B4C5D6E7F8 /* CancelRetentionSheet.swift */ = {isa = PBXFileReference; includeInIndex = 1; lastKnownFileType = sourcecode.swift; path = CancelRetentionSheet.swift; sourceTree = "<group>"; };
		B9C0D1E2F3A4B5C6D7E8F9A0 /* MySubscriptionsView.swift */ = {isa = PBXFileReference; includeInIndex = 1; lastKnownFileType = sourcecode.swift; path = MySubscriptionsView.swift; sourceTree = "<group>"; };
/* End PBXFileReference section */

/* Begin PBXFrameworksBuildPhase section */
		CD362C552350CE9B479A124C /* Frameworks */ = {
			isa = PBXFrameworksBuildPhase;
			buildActionMask = 2147483647;
			files = (
				B96E0E6F774CB89D0145D3D3 /* Foundation.framework in Frameworks */,
				A1F14A95FF6DAE8A51EDDE61 /* ComponentsKit in Frameworks */,
			);
			runOnlyForDeploymentPostprocessing = 0;
		};
/* End PBXFrameworksBuildPhase section */

/* Begin PBXGroup section */
		0DA1A1DE9AA1BAEDD191A34E /* Components */ = {
			isa = PBXGroup;
			children = (
				EBB1D901D3BDAA3AA5F50109 /* PlaceholderTabView.swift */,
				5AA2DC0FD00A07D64A6CF0A6 /* AvatarView.swift */,
				C264E03E234F388C74367472 /* BlossomCard.swift */,
				A56E526F6FD0F314CE7CCC3F /* BlossomButton.swift */,
				E98586D2F82F78E8AC5C3034 /* VerifiedBadge.swift */,
				9A9313992C0158EB21D3BDCD /* TagView.swift */,
				53B34A131E3D410921B69BFC /* SectionHeader.swift */,
				D792B01C0B7F56ECEC95FB55 /* EmptyStateView.swift */,
				322EFE0E0060815629A31849 /* LockedContentOverlay.swift */,
			);
			path = Components;
			sourceTree = "<group>";
		};
		11056AAFF500EA692C13F8EE /* Discovery */ = {
			isa = PBXGroup;
			children = (
				5A2156F81D8D0B976860392A /* HubsSplashView.swift */,
				D9B19952DAF999AF87C36000 /* HubsDiscoveryView.swift */,
				C8B78606FFF17AD77C0D22B4 /* HubsDiscoveryViewModel.swift */,
				6A1784856369ADC032F61CA1 /* CommunityHeroCardView.swift */,
				5B3B0B0E5BE45529E47DE703 /* CommunityCardView.swift */,
			);
			name = Discovery;
			path = Discovery;
			sourceTree = "<group>";
		};
		1CB1DA739D79ABE2523EC1CF /* iOS */ = {
			isa = PBXGroup;
			children = (
				6CF207F658E44D9FBB0772C8 /* Foundation.framework */,
			);
			name = iOS;
			sourceTree = "<group>";
		};
		1D78AF911C3FE2A5668F5C95 = {
			isa = PBXGroup;
			children = (
				8960ABC2420B5484FA9ABAB7 /* Products */,
				3486DF1173C3C89C315D34BE /* Frameworks */,
				AE82D6BB8D2213CB019FA9F9 /* BlossomHubs */,
			);
			sourceTree = "<group>";
		};
		3486DF1173C3C89C315D34BE /* Frameworks */ = {
			isa = PBXGroup;
			children = (
				1CB1DA739D79ABE2523EC1CF /* iOS */,
			);
			name = Frameworks;
			sourceTree = "<group>";
		};
		4744BCAE0E60151BE5BB7F8C /* Home */ = {
			isa = PBXGroup;
			children = (
				A4ADB61C542FF0E9E8C46FDB /* HomeNavigation.swift */,
			);
			path = Home;
			sourceTree = "<group>";
		};
		499282665E1E922E516EEC5F /* Features */ = {
			isa = PBXGroup;
			children = (
				7CF4CA274AD21B69FB999960 /* TabBar */,
				B6CE60839D72478ECDCEFABA /* Hubs */,
				4744BCAE0E60151BE5BB7F8C /* Home */,
				D8449C39B12EE307CAC5529D /* Markets */,
				49F50035C1EB991AF4791192 /* Learn */,
				B055A2F2B27B3F6AD39260AE /* Portfolio */,
				979E5CAF5ECB5B945E42FE46 /* Insights */,
			);
			path = Features;
			sourceTree = "<group>";
		};
		49F50035C1EB991AF4791192 /* Learn */ = {
			isa = PBXGroup;
			children = (
				42BED777A2B6E1402277AE6A /* LearnNavigation.swift */,
			);
			path = Learn;
			sourceTree = "<group>";
		};
		56989E2533D342B2C3223AE1 /* Search */ = {
			isa = PBXGroup;
			children = (
				8C7EF3D5C6324D1C2E4D6B92 /* SearchDropdownView.swift */,
			);
			name = Search;
			path = Search;
			sourceTree = "<group>";
		};
		A1B2C3D4E5F60718293A4B5D /* Payment */ = {
			isa = PBXGroup;
			children = (
				F3A4B5C6D7E8F9A0B1C2D3E4 /* PaymentViewModel.swift */,
				A4B5C6D7E8F9A0B1C2D3E4F5 /* MockPaymentSheetView.swift */,
				B5C6D7E8F9A0B1C2D3E4F5A6 /* ConfettiCelebrationView.swift */,
			);
			name = Payment;
			path = Payment;
			sourceTree = "<group>";
		};
		622DE101B61A372F6090574A /* Preview */ = {
			isa = PBXGroup;
			children = (
				3B9C13A3CB355D6DD680099E /* CommunityPreviewView.swift */,
				BC9EE4E93FD20305DAE4C424 /* CommunityPreviewViewModel.swift */,
				2B22A0C3C545D53BC2DB63E5 /* TiersBottomSheet.swift */,
				C9AAC386A452D8AFCE411DFB /* TierCardView.swift */,
			);
			name = Preview;
			path = Preview;
			sourceTree = "<group>";
		};
		6C8D1AB44CE169AC0628EE57 /* Theme */ = {
			isa = PBXGroup;
			children = (
				503A16D311E9E96EDCCE313F /* BlossomTheme.swift */,
				D96F1BDC6EB7A7E87CE223A3 /* BlossomFont.swift */,
			);
			path = Theme;
			sourceTree = "<group>";
		};
		7CF4CA274AD21B69FB999960 /* TabBar */ = {
			isa = PBXGroup;
			children = (
				604B8200FCCAB049F5D29CE2 /* TabItem.swift */,
				4E39BEC2A28416B3F010FAED /* BlossomTabBar.swift */,
			);
			path = TabBar;
			sourceTree = "<group>";
		};
		8960ABC2420B5484FA9ABAB7 /* Products */ = {
			isa = PBXGroup;
			children = (
				763A8DBE29784DF03D0AA1D3 /* BlossomHubs.app */,
			);
			name = Products;
			sourceTree = "<group>";
		};
		8ED69A54995A0AB0A2CE0885 /* App */ = {
			isa = PBXGroup;
			children = (
				F3851C07E8A9CBFAEEB8B555 /* BlossomHubsApp.swift */,
				3C47A0DA3F6F3A877423872E /* ContentView.swift */,
			);
			path = App;
			sourceTree = "<group>";
		};
		979E5CAF5ECB5B945E42FE46 /* Insights */ = {
			isa = PBXGroup;
			children = (
				8A6EC3F27F2B1F4A774BF773 /* InsightsNavigation.swift */,
			);
			path = Insights;
			sourceTree = "<group>";
		};
		AE82D6BB8D2213CB019FA9F9 /* BlossomHubs */ = {
			isa = PBXGroup;
			children = (
				8ED69A54995A0AB0A2CE0885 /* App */,
				499282665E1E922E516EEC5F /* Features */,
				D9D52CF63E41499F808ADAAE /* Core */,
				D5E6F7A8B9C0D1E2F3A4B5C6 /* Models */,
				51B5E23D24897AEAAFDEE4E1 /* Assets.xcassets */,
				D91C95A2DBA97700EAA0354E /* Info.plist */,
				350B18EB99061DB47CA15FCA /* Inter-Regular.otf */,
				D76966A902C2E8B189CF7695 /* Inter-Medium.otf */,
				84803389C72F21C0BAE061DF /* Inter-SemiBold.otf */,
			);
			name = BlossomHubs;
			sourceTree = "<group>";
		};
		B055A2F2B27B3F6AD39260AE /* Portfolio */ = {
			isa = PBXGroup;
			children = (
				106C80A552AF4C954E66D31D /* PortfolioNavigation.swift */,
			);
			path = Portfolio;
			sourceTree = "<group>";
		};
		B6CE60839D72478ECDCEFABA /* Hubs */ = {
			isa = PBXGroup;
			children = (
				1AB3D46D21C47ACC5C42714C /* HubsView.swift */,
				76A3AFEBBA05E3AFB2F407DB /* HubsNavigation.swift */,
				778F05C1E3A3CDE77CF07ECA /* HubsTopNavBar.swift */,
				11056AAFF500EA692C13F8EE /* Discovery */,
				56989E2533D342B2C3223AE1 /* Search */,
				622DE101B61A372F6090574A /* Preview */,
				A1B2C3D4E5F60718293A4B5D /* Payment */,
				C8D9E0F1A2B3C4D5E6F7A8B9 /* Subscription */,
			);
			path = Hubs;
			sourceTree = "<group>";
		};
		C8D9E0F1A2B3C4D5E6F7A8B9 /* Subscription */ = {
			isa = PBXGroup;
			children = (
				A7B8C9D0E1F2A3B4C5D6E7F8 /* CancelRetentionSheet.swift */,
				B9C0D1E2F3A4B5C6D7E8F9A0 /* MySubscriptionsView.swift */,
			);
			name = Subscription;
			path = Subscription;
			sourceTree = "<group>";
		};
		D5E6F7A8B9C0D1E2F3A4B5C6 /* Models */ = {
			isa = PBXGroup;
			children = (
				B1C2D3E4F5A6B7C8D9E0F1A2 /* Community.swift */,
				C4D5E6F7A8B9C0D1E2F3A4B5 /* CommunityStore.swift */,
				D1E2F3A4B5C6D7E8F9A0B1C2 /* Subscription.swift */,
				E2F3A4B5C6D7E8F90A1B2C3D /* SubscriptionStore.swift */,
			);
			path = Models;
			sourceTree = "<group>";
		};
		D8449C39B12EE307CAC5529D /* Markets */ = {
			isa = PBXGroup;
			children = (
				1354B469AC8815E6F6E12B09 /* MarketsNavigation.swift */,
			);
			path = Markets;
			sourceTree = "<group>";
		};
		D9D52CF63E41499F808ADAAE /* Core */ = {
			isa = PBXGroup;
			children = (
				6C8D1AB44CE169AC0628EE57 /* Theme */,
				0DA1A1DE9AA1BAEDD191A34E /* Components */,
			);
			path = Core;
			sourceTree = "<group>";
		};
/* End PBXGroup section */

/* Begin PBXNativeTarget section */
		361EE7C76A75F12EC1477D3A /* BlossomHubs */ = {
			isa = PBXNativeTarget;
			buildConfigurationList = E1A813E0B5195115CC5AD298 /* Build configuration list for PBXNativeTarget "BlossomHubs" */;
			buildPhases = (
				96F9F85DE9D0E3760161C41C /* Sources */,
				CD362C552350CE9B479A124C /* Frameworks */,
				58B78024CD72E8C23A666C9A /* Resources */,
			);
			buildRules = (
			);
			dependencies = (
			);
			name = BlossomHubs;
			packageProductDependencies = (
				16DFD9B1AD952AA1ECEDB888 /* ComponentsKit */,
			);
			productName = BlossomHubs;
			productReference = 763A8DBE29784DF03D0AA1D3 /* BlossomHubs.app */;
			productType = "com.apple.product-type.application";
		};
/* End PBXNativeTarget section */

/* Begin PBXProject section */
		DBB72BB3916A6F201525BB91 /* Project object */ = {
			isa = PBXProject;
			attributes = {
				BuildIndependentTargetsInParallel = YES;
				LastSwiftUpdateCheck = 1600;
				LastUpgradeCheck = 2630;
			};
			buildConfigurationList = 22EA2EE7CB6F33FA49B78187 /* Build configuration list for PBXProject "BlossomHubs" */;
			compatibilityVersion = "Xcode 3.2";
			developmentRegion = en;
			hasScannedForEncodings = 0;
			knownRegions = (
				en,
				Base,
			);
			mainGroup = 1D78AF911C3FE2A5668F5C95;
			packageReferences = (
				E90ED9A069755CF5D0B647A9 /* XCRemoteSwiftPackageReference "ComponentsKit" */,
			);
			productRefGroup = 8960ABC2420B5484FA9ABAB7 /* Products */;
			projectDirPath = "";
			projectRoot = "";
			targets = (
				361EE7C76A75F12EC1477D3A /* BlossomHubs */,
			);
		};
/* End PBXProject section */

/* Begin PBXResourcesBuildPhase section */
		58B78024CD72E8C23A666C9A /* Resources */ = {
			isa = PBXResourcesBuildPhase;
			buildActionMask = 2147483647;
			files = (
				771E30086BE612562D01269D /* Assets.xcassets in Resources */,
				38C01D70E6B5EFADBBE3056F /* Inter-Regular.otf in Resources */,
				5F56B861CF0ED32AEB814909 /* Inter-Medium.otf in Resources */,
				CE14C931417676B9F746DFE5 /* Inter-SemiBold.otf in Resources */,
			);
			runOnlyForDeploymentPostprocessing = 0;
		};
/* End PBXResourcesBuildPhase section */

/* Begin PBXSourcesBuildPhase section */
		96F9F85DE9D0E3760161C41C /* Sources */ = {
			isa = PBXSourcesBuildPhase;
			buildActionMask = 2147483647;
			files = (
				A2C4F8B1D3E56781AB234567 /* Community.swift in Sources */,
				B3C4D5E6F7A8B9C0D1E2F3A4 /* CommunityStore.swift in Sources */,
				5340F1DE3E32B29E43A23BCB /* BlossomHubsApp.swift in Sources */,
				8A201F350CFAFDBAEBF5DFCA /* ContentView.swift in Sources */,
				C9A9C81E3DE742B608162789 /* TabItem.swift in Sources */,
				6C44D6FC0BFE4D0932020D53 /* BlossomTheme.swift in Sources */,
				4AA052092BD1ED2714C91C27 /* BlossomTabBar.swift in Sources */,
				C8A9B06F3D538B9E0BF33102 /* PlaceholderTabView.swift in Sources */,
				9D252AC79C26D8D1A1B4F899 /* HubsView.swift in Sources */,
				FF7B80191D4F65B697C2C7DF /* HomeNavigation.swift in Sources */,
				891D3652AD087DEF57310006 /* MarketsNavigation.swift in Sources */,
				2767FAD6994EAA8A9CC62362 /* LearnNavigation.swift in Sources */,
				F40D87608C86380C32936957 /* PortfolioNavigation.swift in Sources */,
				166CBDF7F5E6B582F74EB230 /* InsightsNavigation.swift in Sources */,
				202F9045CCFF0A1AC00F68AC /* HubsNavigation.swift in Sources */,
				D7EF01A37A49E6E0A1CFEAAD /* HubsTopNavBar.swift in Sources */,
				D2D9D037D7F2E41C0A0C1A6B /* AvatarView.swift in Sources */,
				BBF9D065872A061C5D33B654 /* BlossomFont.swift in Sources */,
				8E108D05782098FC13B444D4 /* BlossomCard.swift in Sources */,
				6A17CD82F00B66DC1F058BF0 /* BlossomButton.swift in Sources */,
				163998FF037952A136BAC8B6 /* VerifiedBadge.swift in Sources */,
				D2E3EB164B2D8F2FE1B09F84 /* TagView.swift in Sources */,
				C6A174E7B29D409F30D85A8A /* SectionHeader.swift in Sources */,
				C866ECF1B02CD664945578C0 /* EmptyStateView.swift in Sources */,
				685592D39F6028B822A92980 /* LockedContentOverlay.swift in Sources */,
				554ADCDEC9ECCB29D3799145 /* HubsSplashView.swift in Sources */,
				55675CA8022C91092C9AA81C /* HubsDiscoveryView.swift in Sources */,
				D32BF9CC13033EBE65C96E2F /* SearchDropdownView.swift in Sources */,
				AA14FC682B6C0E0003D36B10 /* HubsDiscoveryViewModel.swift in Sources */,
				998B7DC4468901BD6DE78260 /* CommunityHeroCardView.swift in Sources */,
				DEC5FF90FBCD54F282EF591B /* CommunityCardView.swift in Sources */,
				E6C67D20BAFC940471149D66 /* CommunityPreviewView.swift in Sources */,
				86F3DBA0F13E5F5985A62712 /* CommunityPreviewViewModel.swift in Sources */,
				EFF91A3C034AA3CA8C3CA458 /* TiersBottomSheet.swift in Sources */,
				31ABE915175F2598D1A3B964 /* TierCardView.swift in Sources */,
				A1B2C3D4E5F60718293A4B5C /* Subscription.swift in Sources */,
				B2C3D4E5F6071829A3B4C5D6 /* SubscriptionStore.swift in Sources */,
				C3D4E5F6A7B8C9D0E1F2A3B4 /* PaymentViewModel.swift in Sources */,
				D4E5F6A7B8C9D0E1F2A3B4C5 /* MockPaymentSheetView.swift in Sources */,
				E5F6A7B8C9D0E1F2A3B4C5D6 /* ConfettiCelebrationView.swift in Sources */,
				F6A7B8C9D0E1F2A3B4C5D6E7 /* CancelRetentionSheet.swift in Sources */,
				A8B9C0D1E2F3A4B5C6D7E8F9 /* MySubscriptionsView.swift in Sources */,
			);
			runOnlyForDeploymentPostprocessing = 0;
		};
/* End PBXSourcesBuildPhase section */

/* Begin XCBuildConfiguration section */
		039C80D610D70E8FC3ACBC33 /* Release */ = {
			isa = XCBuildConfiguration;
			buildSettings = {
				ALWAYS_SEARCH_USER_PATHS = NO;
				CLANG_ANALYZER_NONNULL = YES;
				CLANG_ANALYZER_NUMBER_OBJECT_CONVERSION = YES_AGGRESSIVE;
				CLANG_CXX_LANGUAGE_STANDARD = "gnu++14";
				CLANG_CXX_LIBRARY = "libc++";
				CLANG_ENABLE_MODULES = YES;
				CLANG_ENABLE_OBJC_ARC = YES;
				CLANG_ENABLE_OBJC_WEAK = YES;
				CLANG_WARN_BLOCK_CAPTURE_AUTORELEASING = YES;
				CLANG_WARN_BOOL_CONVERSION = YES;
				CLANG_WARN_COMMA = YES;
				CLANG_WARN_CONSTANT_CONVERSION = YES;
				CLANG_WARN_DEPRECATED_OBJC_IMPLEMENTATIONS = YES;
				CLANG_WARN_DIRECT_OBJC_ISA_USAGE = YES_ERROR;
				CLANG_WARN_DOCUMENTATION_COMMENTS = YES;
				CLANG_WARN_EMPTY_BODY = YES;
				CLANG_WARN_ENUM_CONVERSION = YES;
				CLANG_WARN_INFINITE_RECURSION = YES;
				CLANG_WARN_INT_CONVERSION = YES;
				CLANG_WARN_NON_LITERAL_NULL_CONVERSION = YES;
				CLANG_WARN_OBJC_IMPLICIT_RETAIN_SELF = YES;
				CLANG_WARN_OBJC_LITERAL_CONVERSION = YES;
				CLANG_WARN_OBJC_ROOT_CLASS = YES_ERROR;
				CLANG_WARN_QUOTED_INCLUDE_IN_FRAMEWORK_HEADER = YES;
				CLANG_WARN_RANGE_LOOP_ANALYSIS = YES;
				CLANG_WARN_STRICT_PROTOTYPES = YES;
				CLANG_WARN_SUSPICIOUS_MOVE = YES;
				CLANG_WARN_UNGUARDED_AVAILABILITY = YES_AGGRESSIVE;
				CLANG_WARN_UNREACHABLE_CODE = YES;
				CLANG_WARN__DUPLICATE_METHOD_MATCH = YES;
				COPY_PHASE_STRIP = NO;
				DEAD_CODE_STRIPPING = YES;
				DEBUG_INFORMATION_FORMAT = "dwarf-with-dsym";
				ENABLE_NS_ASSERTIONS = NO;
				ENABLE_STRICT_OBJC_MSGSEND = YES;
				ENABLE_USER_SCRIPT_SANDBOXING = YES;
				GCC_C_LANGUAGE_STANDARD = gnu11;
				GCC_NO_COMMON_BLOCKS = YES;
				GCC_WARN_64_TO_32_BIT_CONVERSION = YES;
				GCC_WARN_ABOUT_RETURN_TYPE = YES_ERROR;
				GCC_WARN_UNDECLARED_SELECTOR = YES;
				GCC_WARN_UNINITIALIZED_AUTOS = YES_AGGRESSIVE;
				GCC_WARN_UNUSED_FUNCTION = YES;
				GCC_WARN_UNUSED_VARIABLE = YES;
				IPHONEOS_DEPLOYMENT_TARGET = 26.0;
				MTL_ENABLE_DEBUG_INFO = NO;
				MTL_FAST_MATH = YES;
				PRODUCT_NAME = "$(TARGET_NAME)";
				STRING_CATALOG_GENERATE_SYMBOLS = YES;
				SWIFT_COMPILATION_MODE = wholemodule;
				SWIFT_OPTIMIZATION_LEVEL = "-O";
				SWIFT_VERSION = 6.0;
			};
			name = Release;
		};
		26B93A037BB3656ACBCF90D0 /* Release */ = {
			isa = XCBuildConfiguration;
			buildSettings = {
				ASSETCATALOG_COMPILER_APPICON_NAME = AppIcon;
				ASSETCATALOG_COMPILER_GLOBAL_ACCENT_COLOR_NAME = AccentColor;
				CLANG_ENABLE_OBJC_WEAK = NO;
				CODE_SIGN_STYLE = Automatic;
				COPY_PHASE_STRIP = NO;
				DEBUG_INFORMATION_FORMAT = "dwarf-with-dsym";
				DEVELOPMENT_TEAM = "";
				ENABLE_PREVIEWS = YES;
				GCC_TREAT_WARNINGS_AS_ERRORS = NO;
				INFOPLIST_FILE = Info.plist;
				IPHONEOS_DEPLOYMENT_TARGET = 26.0;
				LD_RUNPATH_SEARCH_PATHS = (
					"$(inherited)",
					"@executable_path/Frameworks",
				);
				MTL_ENABLE_DEBUG_INFO = NO;
				PRODUCT_BUNDLE_IDENTIFIER = "com.blossom.hubs-prototype";
				PRODUCT_NAME = BlossomHubs;
				SDKROOT = iphoneos;
				SWIFT_COMPILATION_MODE = wholemodule;
				SWIFT_EMIT_LOC_STRINGS = YES;
				SWIFT_LANGUAGE_VERSION = 6;
				SWIFT_OPTIMIZATION_LEVEL = "-O";
				SWIFT_STRICT_CONCURRENCY = complete;
				SWIFT_TREAT_WARNINGS_AS_ERRORS = NO;
				SWIFT_VERSION = 6.0;
				TARGETED_DEVICE_FAMILY = 1;
				VALIDATE_PRODUCT = YES;
			};
			name = Release;
		};
		2BAF32AACFA0177FDE65E4E6 /* Debug */ = {
			isa = XCBuildConfiguration;
			buildSettings = {
				ASSETCATALOG_COMPILER_APPICON_NAME = AppIcon;
				ASSETCATALOG_COMPILER_GLOBAL_ACCENT_COLOR_NAME = AccentColor;
				CLANG_ENABLE_OBJC_WEAK = NO;
				CODE_SIGN_STYLE = Automatic;
				DEBUG_INFORMATION_FORMAT = dwarf;
				DEVELOPMENT_TEAM = "";
				ENABLE_PREVIEWS = YES;
				GCC_TREAT_WARNINGS_AS_ERRORS = NO;
				INFOPLIST_FILE = Info.plist;
				IPHONEOS_DEPLOYMENT_TARGET = 26.0;
				LD_RUNPATH_SEARCH_PATHS = (
					"$(inherited)",
					"@executable_path/Frameworks",
				);
				MTL_ENABLE_DEBUG_INFO = INCLUDE_SOURCE;
				ONLY_ACTIVE_ARCH = YES;
				PRODUCT_BUNDLE_IDENTIFIER = "com.blossom.hubs-prototype";
				PRODUCT_NAME = BlossomHubs;
				SDKROOT = iphoneos;
				SWIFT_ACTIVE_COMPILATION_CONDITIONS = DEBUG;
				SWIFT_EMIT_LOC_STRINGS = YES;
				SWIFT_LANGUAGE_VERSION = 6;
				SWIFT_OPTIMIZATION_LEVEL = "-Onone";
				SWIFT_STRICT_CONCURRENCY = complete;
				SWIFT_TREAT_WARNINGS_AS_ERRORS = NO;
				SWIFT_VERSION = 6.0;
				TARGETED_DEVICE_FAMILY = 1;
			};
			name = Debug;
		};
		352404DA2AB453A4FAA06384 /* Debug */ = {
			isa = XCBuildConfiguration;
			buildSettings = {
				ALWAYS_SEARCH_USER_PATHS = NO;
				CLANG_ANALYZER_NONNULL = YES;
				CLANG_ANALYZER_NUMBER_OBJECT_CONVERSION = YES_AGGRESSIVE;
				CLANG_CXX_LANGUAGE_STANDARD = "gnu++14";
				CLANG_CXX_LIBRARY = "libc++";
				CLANG_ENABLE_MODULES = YES;
				CLANG_ENABLE_OBJC_ARC = YES;
				CLANG_ENABLE_OBJC_WEAK = YES;
				CLANG_WARN_BLOCK_CAPTURE_AUTORELEASING = YES;
				CLANG_WARN_BOOL_CONVERSION = YES;
				CLANG_WARN_COMMA = YES;
				CLANG_WARN_CONSTANT_CONVERSION = YES;
				CLANG_WARN_DEPRECATED_OBJC_IMPLEMENTATIONS = YES;
				CLANG_WARN_DIRECT_OBJC_ISA_USAGE = YES_ERROR;
				CLANG_WARN_DOCUMENTATION_COMMENTS = YES;
				CLANG_WARN_EMPTY_BODY = YES;
				CLANG_WARN_ENUM_CONVERSION = YES;
				CLANG_WARN_INFINITE_RECURSION = YES;
				CLANG_WARN_INT_CONVERSION = YES;
				CLANG_WARN_NON_LITERAL_NULL_CONVERSION = YES;
				CLANG_WARN_OBJC_IMPLICIT_RETAIN_SELF = YES;
				CLANG_WARN_OBJC_LITERAL_CONVERSION = YES;
				CLANG_WARN_OBJC_ROOT_CLASS = YES_ERROR;
				CLANG_WARN_QUOTED_INCLUDE_IN_FRAMEWORK_HEADER = YES;
				CLANG_WARN_RANGE_LOOP_ANALYSIS = YES;
				CLANG_WARN_STRICT_PROTOTYPES = YES;
				CLANG_WARN_SUSPICIOUS_MOVE = YES;
				CLANG_WARN_UNGUARDED_AVAILABILITY = YES_AGGRESSIVE;
				CLANG_WARN_UNREACHABLE_CODE = YES;
				CLANG_WARN__DUPLICATE_METHOD_MATCH = YES;
				COPY_PHASE_STRIP = NO;
				DEAD_CODE_STRIPPING = YES;
				DEBUG_INFORMATION_FORMAT = dwarf;
				ENABLE_STRICT_OBJC_MSGSEND = YES;
				ENABLE_TESTABILITY = YES;
				ENABLE_USER_SCRIPT_SANDBOXING = YES;
				GCC_C_LANGUAGE_STANDARD = gnu11;
				GCC_DYNAMIC_NO_PIC = NO;
				GCC_NO_COMMON_BLOCKS = YES;
				GCC_OPTIMIZATION_LEVEL = 0;
				GCC_PREPROCESSOR_DEFINITIONS = (
					"DEBUG=1",
					"$(inherited)",
				);
				GCC_WARN_64_TO_32_BIT_CONVERSION = YES;
				GCC_WARN_ABOUT_RETURN_TYPE = YES_ERROR;
				GCC_WARN_UNDECLARED_SELECTOR = YES;
				GCC_WARN_UNINITIALIZED_AUTOS = YES_AGGRESSIVE;
				GCC_WARN_UNUSED_FUNCTION = YES;
				GCC_WARN_UNUSED_VARIABLE = YES;
				IPHONEOS_DEPLOYMENT_TARGET = 26.0;
				MTL_ENABLE_DEBUG_INFO = INCLUDE_SOURCE;
				MTL_FAST_MATH = YES;
				ONLY_ACTIVE_ARCH = YES;
				PRODUCT_NAME = "$(TARGET_NAME)";
				STRING_CATALOG_GENERATE_SYMBOLS = YES;
				SWIFT_ACTIVE_COMPILATION_CONDITIONS = DEBUG;
				SWIFT_OPTIMIZATION_LEVEL = "-Onone";
				SWIFT_VERSION = 6.0;
			};
			name = Debug;
		};
/* End XCBuildConfiguration section */

/* Begin XCConfigurationList section */
		22EA2EE7CB6F33FA49B78187 /* Build configuration list for PBXProject "BlossomHubs" */ = {
			isa = XCConfigurationList;
			buildConfigurations = (
				352404DA2AB453A4FAA06384 /* Debug */,
				039C80D610D70E8FC3ACBC33 /* Release */,
			);
			defaultConfigurationIsVisible = 0;
			defaultConfigurationName = Release;
		};
		E1A813E0B5195115CC5AD298 /* Build configuration list for PBXNativeTarget "BlossomHubs" */ = {
			isa = XCConfigurationList;
			buildConfigurations = (
				26B93A037BB3656ACBCF90D0 /* Release */,
				2BAF32AACFA0177FDE65E4E6 /* Debug */,
			);
			defaultConfigurationIsVisible = 0;
			defaultConfigurationName = Release;
		};
/* End XCConfigurationList section */

/* Begin XCRemoteSwiftPackageReference section */
		E90ED9A069755CF5D0B647A9 /* XCRemoteSwiftPackageReference "ComponentsKit" */ = {
			isa = XCRemoteSwiftPackageReference;
			repositoryURL = "https://github.com/componentskit/ComponentsKit.git";
			requirement = {
				kind = upToNextMajorVersion;
				minimumVersion = 1.6.1;
			};
		};
/* End XCRemoteSwiftPackageReference section */

/* Begin XCSwiftPackageProductDependency section */
		16DFD9B1AD952AA1ECEDB888 /* ComponentsKit */ = {
			isa = XCSwiftPackageProductDependency;
			package = E90ED9A069755CF5D0B647A9 /* XCRemoteSwiftPackageReference "ComponentsKit" */;
			productName = ComponentsKit;
		};
/* End XCSwiftPackageProductDependency section */
	};
	rootObject = DBB72BB3916A6F201525BB91 /* Project object */;
}
